
Microsoft Visual Studio Solution File, Format Version 12.00
# Visual Studio 15
VisualStudioVersion = 15.0.27703.2035
MinimumVisualStudioVersion = 10.0.40219.1
Project("{FAE04EC0-301F-11D3-BF4B-00C04F79EFBC}") = "udistrital.mcic.informatica.iot.database", "udistrital.mcic.informatica.iot.database\udistrital.mcic.informatica.iot.database.csproj", "{195649AC-32F5-4814-AF3B-60C350B3F4FC}"
EndProject
Project("{FAE04EC0-301F-11D3-BF4B-00C04F79EFBC}") = "udistrital.mcic.informatica.iot.rest", "udistrital.mcic.informatica.iot.rest\udistrital.mcic.informatica.iot.rest.csproj", "{54BF219B-C1C7-4708-BD28-13E751941575}"
EndProject
Project("{FAE04EC0-301F-11D3-BF4B-00C04F79EFBC}") = "udistrital.mcic.informatica.iot.business", "udistrital.mcic.informatica.iot.business\udistrital.mcic.informatica.iot.business.csproj", "{D290B7DD-6E7D-4B73-B9AE-457836E59198}"
EndProject
Project("{FAE04EC0-301F-11D3-BF4B-00C04F79EFBC}") = "udistrital.mcic.informatica.iot.dto", "udistrital.mcic.informatica.iot.dto\udistrital.mcic.informatica.iot.dto.csproj", "{2154B842-CA98-4764-9454-82EC45CD6098}"
EndProject
Global
	GlobalSection(SolutionConfigurationPlatforms) = preSolution
		Debug|Any CPU = Debug|Any CPU
		Release|Any CPU = Release|Any CPU
	EndGlobalSection
	GlobalSection(ProjectConfigurationPlatforms) = postSolution
		{195649AC-32F5-4814-AF3B-60C350B3F4FC}.Debug|Any CPU.ActiveCfg = Debug|Any CPU
		{195649AC-32F5-4814-AF3B-60C350B3F4FC}.Debug|Any CPU.Build.0 = Debug|Any CPU
		{195649AC-32F5-4814-AF3B-60C350B3F4FC}.Release|Any CPU.ActiveCfg = Release|Any CPU
		{195649AC-32F5-4814-AF3B-60C350B3F4FC}.Release|Any CPU.Build.0 = Release|Any CPU
		{54BF219B-C1C7-4708-BD28-13E751941575}.Debug|Any CPU.ActiveCfg = Debug|Any CPU
		{54BF219B-C1C7-4708-BD28-13E751941575}.Debug|Any CPU.Build.0 = Debug|Any CPU
		{54BF219B-C1C7-4708-BD28-13E751941575}.Release|Any CPU.ActiveCfg = Release|Any CPU
		{54BF219B-C1C7-4708-BD28-13E751941575}.Release|Any CPU.Build.0 = Release|Any CPU
		{D290B7DD-6E7D-4B73-B9AE-457836E59198}.Debug|Any CPU.ActiveCfg = Debug|Any CPU
		{D290B7DD-6E7D-4B73-B9AE-457836E59198}.Debug|Any CPU.Build.0 = Debug|Any CPU
		{D290B7DD-6E7D-4B73-B9AE-457836E59198}.Release|Any CPU.ActiveCfg = Release|Any CPU
		{D290B7DD-6E7D-4B73-B9AE-457836E59198}.Release|Any CPU.Build.0 = Release|Any CPU
		{2154B842-CA98-4764-9454-82EC45CD6098}.Debug|Any CPU.ActiveCfg = Debug|Any CPU
		{2154B842-CA98-4764-9454-82EC45CD6098}.Debug|Any CPU.Build.0 = Debug|Any CPU
		{2154B842-CA98-4764-9454-82EC45CD6098}.Release|Any CPU.ActiveCfg = Release|Any CPU
		{2154B842-CA98-4764-9454-82EC45CD6098}.Release|Any CPU.Build.0 = Release|Any CPU
	EndGlobalSection
	GlobalSection(SolutionProperties) = preSolution
		HideSolutionNode = FALSE
	EndGlobalSection
	GlobalSection(ExtensibilityGlobals) = postSolution
		SolutionGuid = {42003771-68EB-402B-91E4-254D82802908}
	EndGlobalSection
EndGlobal
